
Microsoft Visual Studio Solution File, Format Version 12.00
# Visual Studio Version 16
VisualStudioVersion = 16.0.31105.61
MinimumVisualStudioVersion = 10.0.40219.1
Project("{FAE04EC0-301F-11D3-BF4B-00C04F79EFBC}") = "MigrationService", "MigrationService.csproj", "{AB04F89C-8BB9-4D5C-AD6C-7F2DA903AADC}"
EndProject
Global
	GlobalSection(SolutionConfigurationPlatforms) = preSolution
		Debug|Any CPU = Debug|Any CPU
		Release|Any CPU = Release|Any CPU
	EndGlobalSection
	GlobalSection(ProjectConfigurationPlatforms) = postSolution
		{AB04F89C-8BB9-4D5C-AD6C-7F2DA903AADC}.Debug|Any CPU.ActiveCfg = Debug|Any CPU
		{AB04F89C-8BB9-4D5C-AD6C-7F2DA903AADC}.Debug|Any CPU.Build.0 = Debug|Any CPU
		{AB04F89C-8BB9-4D5C-AD6C-7F2DA903AADC}.Release|Any CPU.ActiveCfg = Release|Any CPU
		{AB04F89C-8BB9-4D5C-AD6C-7F2DA903AADC}.Release|Any CPU.Build.0 = Release|Any CPU
	EndGlobalSection
	GlobalSection(SolutionProperties) = preSolution
		HideSolutionNode = FALSE
	EndGlobalSection
	GlobalSection(ExtensibilityGlobals) = postSolution
		SolutionGuid = {278A0BDA-DDF3-42AE-B9C2-8555FA318EEE}
	EndGlobalSection
EndGlobal
